// !$*UTF8*$!
{
	archiveVersion = 1;
	classes = {
	};
	objectVersion = 50;
	objects = {

/* Begin PBXBuildFile section */
		18F77B42239E233D0088179C /* AppDelegate.m in Sources */ = {isa = PBXBuildFile; fileRef = 18F77B41239E233D0088179C /* AppDelegate.m */; };
		18F77B45239E233D0088179C /* SceneDelegate.m in Sources */ = {isa = PBXBuildFile; fileRef = 18F77B44239E233D0088179C /* SceneDelegate.m */; };
		18F77B48239E233D0088179C /* ViewController.m in Sources */ = {isa = PBXBuildFile; fileRef = 18F77B47239E233D0088179C /* ViewController.m */; };
		18F77B4B239E233D0088179C /* Main.storyboard in Resources */ = {isa = PBXBuildFile; fileRef = 18F77B49239E233D0088179C /* Main.storyboard */; };
		18F77B4D239E233F0088179C /* Assets.xcassets in Resources */ = {isa = PBXBuildFile; fileRef = 18F77B4C239E233F0088179C /* Assets.xcassets */; };
		18F77B50239E233F0088179C /* LaunchScreen.storyboard in Resources */ = {isa = PBXBuildFile; fileRef = 18F77B4E239E233F0088179C /* LaunchScreen.storyboard */; };
		18F77B53239E233F0088179C /* main.m in Sources */ = {isa = PBXBuildFile; fileRef = 18F77B52239E233F0088179C /* main.m */; };
		18F77B5D239E233F0088179C /* TableViewTestTests.m in Sources */ = {isa = PBXBuildFile; fileRef = 18F77B5C239E233F0088179C /* TableViewTestTests.m */; };
		18F77B68239E233F0088179C /* TableViewTestUITests.m in Sources */ = {isa = PBXBuildFile; fileRef = 18F77B67239E233F0088179C /* TableViewTestUITests.m */; };
/* End PBXBuildFile section */

/* Begin PBXContainerItemProxy section */
		18F77B59239E233F0088179C /* PBXContainerItemProxy */ = {
			isa = PBXContainerItemProxy;
			containerPortal = 18F77B35239E233D0088179C /* Project object */;
			proxyType = 1;
			remoteGlobalIDString = 18F77B3C239E233D0088179C;
			remoteInfo = TableViewTest;
		};
		18F77B64239E233F0088179C /* PBXContainerItemProxy */ = {
			isa = PBXContainerItemProxy;
			containerPortal = 18F77B35239E233D0088179C /* Project object */;
			proxyType = 1;
			remoteGlobalIDString = 18F77B3C239E233D0088179C;
			remoteInfo = TableViewTest;
		};
/* End PBXContainerItemProxy section */

/* Begin PBXFileReference section */
		18F77B3D239E233D0088179C /* TableViewTest.app */ = {isa = PBXFileReference; explicitFileType = wrapper.application; includeInIndex = 0; path = TableViewTest.app; sourceTree = BUILT_PRODUCTS_DIR; };
		18F77B40239E233D0088179C /* AppDelegate.h */ = {isa = PBXFileReference; lastKnownFileType = sourcecode.c.h; path = AppDelegate.h; sourceTree = "<group>"; };
		18F77B41239E233D0088179C /* AppDelegate.m */ = {isa = PBXFileReference; lastKnownFileType = sourcecode.c.objc; path = AppDelegate.m; sourceTree = "<group>"; };
		18F77B43239E233D0088179C /* SceneDelegate.h */ = {isa = PBXFileReference; lastKnownFileType = sourcecode.c.h; path = SceneDelegate.h; sourceTree = "<group>"; };
		18F77B44239E233D0088179C /* SceneDelegate.m */ = {isa = PBXFileReference; lastKnownFileType = sourcecode.c.objc; path = SceneDelegate.m; sourceTree = "<group>"; };
		18F77B46239E233D0088179C /* ViewController.h */ = {isa = PBXFileReference; lastKnownFileType = sourcecode.c.h; path = ViewController.h; sourceTree = "<group>"; };
		18F77B47239E233D0088179C /* ViewController.m */ = {isa = PBXFileReference; lastKnownFileType = sourcecode.c.objc; path = ViewController.m; sourceTree = "<group>"; };
		18F77B4A239E233D0088179C /* Base */ = {isa = PBXFileReference; lastKnownFileType = file.storyboard; name = Base; path = Base.lproj/Main.storyboard; sourceTree = "<group>"; };
		18F77B4C239E233F0088179C /* Assets.xcassets */ = {isa = PBXFileReference; lastKnownFileType = folder.assetcatalog; path = Assets.xcassets; sourceTree = "<group>"; };
		18F77B4F239E233F0088179C /* Base */ = {isa = PBXFileReference; lastKnownFileType = file.storyboard; name = Base; path = Base.lproj/LaunchScreen.storyboard; sourceTree = "<group>"; };
		18F77B51239E233F0088179C /* Info.plist */ = {isa = PBXFileReference; lastKnownFileType = text.plist.xml; path = Info.plist; sourceTree = "<group>"; };
		18F77B52239E233F0088179C /* main.m */ = {isa = PBXFileReference; lastKnownFileType = sourcecode.c.objc; path = main.m; sourceTree = "<group>"; };
		18F77B58239E233F0088179C /* TableViewTestTests.xctest */ = {isa = PBXFileReference; explicitFileType = wrapper.cfbundle; includeInIndex = 0; path = TableViewTestTests.xctest; sourceTree = BUILT_PRODUCTS_DIR; };
		18F77B5C239E233F0088179C /* TableViewTestTests.m */ = {isa = PBXFileReference; lastKnownFileType = sourcecode.c.objc; path = TableViewTestTests.m; sourceTree = "<group>"; };
		18F77B5E239E233F0088179C /* Info.plist */ = {isa = PBXFileReference; lastKnownFileType = text.plist.xml; path = Info.plist; sourceTree = "<group>"; };
		18F77B63239E233F0088179C /* TableViewTestUITests.xctest */ = {isa = PBXFileReference; explicitFileType = wrapper.cfbundle; includeInIndex = 0; path = TableViewTestUITests.xctest; sourceTree = BUILT_PRODUCTS_DIR; };
		18F77B67239E233F0088179C /* TableViewTestUITests.m */ = {isa = PBXFileReference; lastKnownFileType = sourcecode.c.objc; path = TableViewTestUITests.m; sourceTree = "<group>"; };
		18F77B69239E233F0088179C /* Info.plist */ = {isa = PBXFileReference; lastKnownFileType = text.plist.xml; path = Info.plist; sourceTree = "<group>"; };
/* End PBXFileReference section */

/* Begin PBXFrameworksBuildPhase section */
		18F77B3A239E233D0088179C /* Frameworks */ = {
			isa = PBXFrameworksBuildPhase;
			buildActionMask = 2147483647;
			files = (
			);
			runOnlyForDeploymentPostprocessing = 0;
		};
		18F77B55239E233F0088179C /* Frameworks */ = {
			isa = PBXFrameworksBuildPhase;
			buildActionMask = 2147483647;
			files = (
			);
			runOnlyForDeploymentPostprocessing = 0;
		};
		18F77B60239E233F0088179C /* Frameworks */ = {
			isa = PBXFrameworksBuildPhase;
			buildActionMask = 2147483647;
			files = (
			);
			runOnlyForDeploymentPostprocessing = 0;
		};
/* End PBXFrameworksBuildPhase section */

/* Begin PBXGroup section */
		18F77B34239E233D0088179C = {
			isa = PBXGroup;
			children = (
				18F77B3F239E233D0088179C /* TableViewTest */,
				18F77B5B239E233F0088179C /* TableViewTestTests */,
				18F77B66239E233F0088179C /* TableViewTestUITests */,
				18F77B3E239E233D0088179C /* Products */,
			);
			sourceTree = "<group>";
		};
		18F77B3E239E233D0088179C /* Products */ = {
			isa = PBXGroup;
			children = (
				18F77B3D239E233D0088179C /* TableViewTest.app */,
				18F77B58239E233F0088179C /* TableViewTestTests.xctest */,
				18F77B63239E233F0088179C /* TableViewTestUITests.xctest */,
			);
			name = Products;
			sourceTree = "<group>";
		};
		18F77B3F239E233D0088179C /* TableViewTest */ = {
			isa = PBXGroup;
			children = (
				18F77B40239E233D0088179C /* AppDelegate.h */,
				18F77B41239E233D0088179C /* AppDelegate.m */,
				18F77B43239E233D0088179C /* SceneDelegate.h */,
				18F77B44239E233D0088179C /* SceneDelegate.m */,
				18F77B46239E233D0088179C /* ViewController.h */,
				18F77B47239E233D0088179C /* ViewController.m */,
				18F77B49239E233D0088179C /* Main.storyboard */,
				18F77B4C239E233F0088179C /* Assets.xcassets */,
				18F77B4E239E233F0088179C /* LaunchScreen.storyboard */,
				18F77B51239E233F0088179C /* Info.plist */,
				18F77B52239E233F0088179C /* main.m */,
			);
			path = TableViewTest;
			sourceTree = "<group>";
		};
		18F77B5B239E233F0088179C /* TableViewTestTests */ = {
			isa = PBXGroup;
			children = (
				18F77B5C239E233F0088179C /* TableViewTestTests.m */,
				18F77B5E239E233F0088179C /* Info.plist */,
			);
			path = TableViewTestTests;
			sourceTree = "<group>";
		};
		18F77B66239E233F0088179C /* TableViewTestUITests */ = {
			isa = PBXGroup;
			children = (
				18F77B67239E233F0088179C /* TableViewTestUITests.m */,
				18F77B69239E233F0088179C /* Info.plist */,
			);
			path = TableViewTestUITests;
			sourceTree = "<group>";
		};
/* End PBXGroup section */

/* Begin PBXNativeTarget section */
		18F77B3C239E233D0088179C /* TableViewTest */ = {
			isa = PBXNativeTarget;
			buildConfigurationList = 18F77B6C239E233F0088179C /* Build configuration list for PBXNativeTarget "TableViewTest" */;
			buildPhases = (
				18F77B39239E233D0088179C /* Sources */,
				18F77B3A239E233D0088179C /* Frameworks */,
				18F77B3B239E233D0088179C /* Resources */,
			);
			buildRules = (
			);
			dependencies = (
			);
			name = TableViewTest;
			productName = TableViewTest;
			productReference = 18F77B3D239E233D0088179C /* TableViewTest.app */;
			productType = "com.apple.product-type.application";
		};
		18F77B57239E233F0088179C /* TableViewTestTests */ = {
			isa = PBXNativeTarget;
			buildConfigurationList = 18F77B6F239E233F0088179C /* Build configuration list for PBXNativeTarget "TableViewTestTests" */;
			buildPhases = (
				18F77B54239E233F0088179C /* Sources */,
				18F77B55239E233F0088179C /* Frameworks */,
				18F77B56239E233F0088179C /* Resources */,
			);
			buildRules = (
			);
			dependencies = (
				18F77B5A239E233F0088179C /* PBXTargetDependency */,
			);
			name = TableViewTestTests;
			productName = TableViewTestTests;
			productReference = 18F77B58239E233F0088179C /* TableViewTestTests.xctest */;
			productType = "com.apple.product-type.bundle.unit-test";
		};
		18F77B62239E233F0088179C /* TableViewTestUITests */ = {
			isa = PBXNativeTarget;
			buildConfigurationList = 18F77B72239E233F0088179C /* Build configuration list for PBXNativeTarget "TableViewTestUITests" */;
			buildPhases = (
				18F77B5F239E233F0088179C /* Sources */,
				18F77B60239E233F0088179C /* Frameworks */,
				18F77B61239E233F0088179C /* Resources */,
			);
			buildRules = (
			);
			dependencies = (
				18F77B65239E233F0088179C /* PBXTargetDependency */,
			);
			name = TableViewTestUITests;
			productName = TableViewTestUITests;
			productReference = 18F77B63239E233F0088179C /* TableViewTestUITests.xctest */;
			productType = "com.apple.product-type.bundle.ui-testing";
		};
/* End PBXNativeTarget section */

/* Begin PBXProject section */
		18F77B35239E233D0088179C /* Project object */ = {
			isa = PBXProject;
			attributes = {
				LastUpgradeCheck = 1110;
				ORGANIZATIONNAME = Nothing;
				TargetAttributes = {
					18F77B3C239E233D0088179C = {
						CreatedOnToolsVersion = 11.1;
					};
					18F77B57239E233F0088179C = {
						CreatedOnToolsVersion = 11.1;
						TestTargetID = 18F77B3C239E233D0088179C;
					};
					18F77B62239E233F0088179C = {
						CreatedOnToolsVersion = 11.1;
						TestTargetID = 18F77B3C239E233D0088179C;
					};
				};
			};
			buildConfigurationList = 18F77B38239E233D0088179C /* Build configuration list for PBXProject "TableViewTest" */;
			compatibilityVersion = "Xcode 9.3";
			developmentRegion = en;
			hasScannedForEncodings = 0;
			knownRegions = (
				en,
				Base,
			);
			mainGroup = 18F77B34239E233D0088179C;
			productRefGroup = 18F77B3E239E233D0088179C /* Products */;
			projectDirPath = "";
			projectRoot = "";
			targets = (
				18F77B3C239E233D0088179C /* TableViewTest */,
				18F77B57239E233F0088179C /* TableViewTestTests */,
				18F77B62239E233F0088179C /* TableViewTestUITests */,
			);
		};
/* End PBXProject section */

/* Begin PBXResourcesBuildPhase section */
		18F77B3B239E233D0088179C /* Resources */ = {
			isa = PBXResourcesBuildPhase;
			buildActionMask = 2147483647;
			files = (
				18F77B50239E233F0088179C /* LaunchScreen.storyboard in Resources */,
				18F77B4D239E233F0088179C /* Assets.xcassets in Resources */,
				18F77B4B239E233D0088179C /* Main.storyboard in Resources */,
			);
			runOnlyForDeploymentPostprocessing = 0;
		};
		18F77B56239E233F0088179C /* Resources */ = {
			isa = PBXResourcesBuildPhase;
			buildActionMask = 2147483647;
			files = (
			);
			runOnlyForDeploymentPostprocessing = 0;
		};
		18F77B61239E233F0088179C /* Resources */ = {
			isa = PBXResourcesBuildPhase;
			buildActionMask = 2147483647;
			files = (
			);
			runOnlyForDeploymentPostprocessing = 0;
		};
/* End PBXResourcesBuildPhase section */

/* Begin PBXSourcesBuildPhase section */
		18F77B39239E233D0088179C /* Sources */ = {
			isa = PBXSourcesBuildPhase;
			buildActionMask = 2147483647;
			files = (
				18F77B48239E233D0088179C /* ViewController.m in Sources */,
				18F77B42239E233D0088179C /* AppDelegate.m in Sources */,
				18F77B53239E233F0088179C /* main.m in Sources */,
				18F77B45239E233D0088179C /* SceneDelegate.m in Sources */,
			);
			runOnlyForDeploymentPostprocessing = 0;
		};
		18F77B54239E233F0088179C /* Sources */ = {
			isa = PBXSourcesBuildPhase;
			buildActionMask = 2147483647;
			files = (
				18F77B5D239E233F0088179C /* TableViewTestTests.m in Sources */,
			);
			runOnlyForDeploymentPostprocessing = 0;
		};
		18F77B5F239E233F0088179C /* Sources */ = {
			isa = PBXSourcesBuildPhase;
			buildActionMask = 2147483647;
			files = (
				18F77B68239E233F0088179C /* TableViewTestUITests.m in Sources */,
			);
			runOnlyForDeploymentPostprocessing = 0;
		};
/* End PBXSourcesBuildPhase section */

/* Begin PBXTargetDependency section */
		18F77B5A239E233F0088179C /* PBXTargetDependency */ = {
			isa = PBXTargetDependency;
			target = 18F77B3C239E233D0088179C /* TableViewTest */;
			targetProxy = 18F77B59239E233F0088179C /* PBXContainerItemProxy */;
		};
		18F77B65239E233F0088179C /* PBXTargetDependency */ = {
			isa = PBXTargetDependency;
			target = 18F77B3C239E233D0088179C /* TableViewTest */;
			targetProxy = 18F77B64239E233F0088179C /* PBXContainerItemProxy */;
		};
/* End PBXTargetDependency section */

/* Begin PBXVariantGroup section */
		18F77B49239E233D0088179C /* Main.storyboard */ = {
			isa = PBXVariantGroup;
			children = (
				18F77B4A239E233D0088179C /* Base */,
			);
			name = Main.storyboard;
			sourceTree = "<group>";
		};
		18F77B4E239E233F0088179C /* LaunchScreen.storyboard */ = {
			isa = PBXVariantGroup;
			children = (
				18F77B4F239E233F0088179C /* Base */,
			);
			name = LaunchScreen.storyboard;
			sourceTree = "<group>";
		};
/* End PBXVariantGroup section */

/* Begin XCBuildConfiguration section */
		18F77B6A239E233F0088179C /* Debug */ = {
			isa = XCBuildConfiguration;
			buildSettings = {
				ALWAYS_SEARCH_USER_PATHS = NO;
				CLANG_ANALYZER_NONNULL = YES;
				CLANG_ANALYZER_NUMBER_OBJECT_CONVERSION = YES_AGGRESSIVE;
				CLANG_CXX_LANGUAGE_STANDARD = "gnu++14";
				CLANG_CXX_LIBRARY = "libc++";
				CLANG_ENABLE_MODULES = YES;
				CLANG_ENABLE_OBJC_ARC = YES;
				CLANG_ENABLE_OBJC_WEAK = YES;
				CLANG_WARN_BLOCK_CAPTURE_AUTORELEASING = YES;
				CLANG_WARN_BOOL_CONVERSION = YES;
				CLANG_WARN_COMMA = YES;
				CLANG_WARN_CONSTANT_CONVERSION = YES;
				CLANG_WARN_DEPRECATED_OBJC_IMPLEMENTATIONS = YES;
				CLANG_WARN_DIRECT_OBJC_ISA_USAGE = YES_ERROR;
				CLANG_WARN_DOCUMENTATION_COMMENTS = YES;
				CLANG_WARN_EMPTY_BODY = YES;
				CLANG_WARN_ENUM_CONVERSION = YES;
				CLANG_WARN_INFINITE_RECURSION = YES;
				CLANG_WARN_INT_CONVERSION = YES;
				CLANG_WARN_NON_LITERAL_NULL_CONVERSION = YES;
				CLANG_WARN_OBJC_IMPLICIT_RETAIN_SELF = YES;
				CLANG_WARN_OBJC_LITERAL_CONVERSION = YES;
				CLANG_WARN_OBJC_ROOT_CLASS = YES_ERROR;
				CLANG_WARN_RANGE_LOOP_ANALYSIS = YES;
				CLANG_WARN_STRICT_PROTOTYPES = YES;
				CLANG_WARN_SUSPICIOUS_MOVE = YES;
				CLANG_WARN_UNGUARDED_AVAILABILITY = YES_AGGRESSIVE;
				CLANG_WARN_UNREACHABLE_CODE = YES;
				CLANG_WARN__DUPLICATE_METHOD_MATCH = YES;
				COPY_PHASE_STRIP = NO;
				DEBUG_INFORMATION_FORMAT = dwarf;
				ENABLE_STRICT_OBJC_MSGSEND = YES;
				ENABLE_TESTABILITY = YES;
				GCC_C_LANGUAGE_STANDARD = gnu11;
				GCC_DYNAMIC_NO_PIC = NO;
				GCC_NO_COMMON_BLOCKS = YES;
				GCC_OPTIMIZATION_LEVEL = 0;
				GCC_PREPROCESSOR_DEFINITIONS = (
					"DEBUG=1",
					"$(inherited)",
				);
				GCC_WARN_64_TO_32_BIT_CONVERSION = YES;
				GCC_WARN_ABOUT_RETURN_TYPE = YES_ERROR;
				GCC_WARN_UNDECLARED_SELECTOR = YES;
				GCC_WARN_UNINITIALIZED_AUTOS = YES_AGGRESSIVE;
				GCC_WARN_UNUSED_FUNCTION = YES;
				GCC_WARN_UNUSED_VARIABLE = YES;
				IPHONEOS_DEPLOYMENT_TARGET = 13.1;
				MTL_ENABLE_DEBUG_INFO = INCLUDE_SOURCE;
				MTL_FAST_MATH = YES;
				ONLY_ACTIVE_ARCH = YES;
				SDKROOT = iphoneos;
			};
			name = Debug;
		};
		18F77B6B239E233F0088179C /* Release */ = {
			isa = XCBuildConfiguration;
			buildSettings = {
				ALWAYS_SEARCH_USER_PATHS = NO;
				CLANG_ANALYZER_NONNULL = YES;
				CLANG_ANALYZER_NUMBER_OBJECT_CONVERSION = YES_AGGRESSIVE;
				CLANG_CXX_LANGUAGE_STANDARD = "gnu++14";
				CLANG_CXX_LIBRARY = "libc++";
				CLANG_ENABLE_MODULES = YES;
				CLANG_ENABLE_OBJC_ARC = YES;
				CLANG_ENABLE_OBJC_WEAK = YES;
				CLANG_WARN_BLOCK_CAPTURE_AUTORELEASING = YES;
				CLANG_WARN_BOOL_CONVERSION = YES;
				CLANG_WARN_COMMA = YES;
				CLANG_WARN_CONSTANT_CONVERSION = YES;
				CLANG_WARN_DEPRECATED_OBJC_IMPLEMENTATIONS = YES;
				CLANG_WARN_DIRECT_OBJC_ISA_USAGE = YES_ERROR;
				CLANG_WARN_DOCUMENTATION_COMMENTS = YES;
				CLANG_WARN_EMPTY_BODY = YES;
				CLANG_WARN_ENUM_CONVERSION = YES;
				CLANG_WARN_INFINITE_RECURSION = YES;
				CLANG_WARN_INT_CONVERSION = YES;
				CLANG_WARN_NON_LITERAL_NULL_CONVERSION = YES;
				CLANG_WARN_OBJC_IMPLICIT_RETAIN_SELF = YES;
				CLANG_WARN_OBJC_LITERAL_CONVERSION = YES;
				CLANG_WARN_OBJC_ROOT_CLASS = YES_ERROR;
				CLANG_WARN_RANGE_LOOP_ANALYSIS = YES;
				CLANG_WARN_STRICT_PROTOTYPES = YES;
				CLANG_WARN_SUSPICIOUS_MOVE = YES;
				CLANG_WARN_UNGUARDED_AVAILABILITY = YES_AGGRESSIVE;
				CLANG_WARN_UNREACHABLE_CODE = YES;
				CLANG_WARN__DUPLICATE_METHOD_MATCH = YES;
				COPY_PHASE_STRIP = NO;
				DEBUG_INFORMATION_FORMAT = "dwarf-with-dsym";
				ENABLE_NS_ASSERTIONS = NO;
				ENABLE_STRICT_OBJC_MSGSEND = YES;
				GCC_C_LANGUAGE_STANDARD = gnu11;
				GCC_NO_COMMON_BLOCKS = YES;
				GCC_WARN_64_TO_32_BIT_CONVERSION = YES;
				GCC_WARN_ABOUT_RETURN_TYPE = YES_ERROR;
				GCC_WARN_UNDECLARED_SELECTOR = YES;
				GCC_WARN_UNINITIALIZED_AUTOS = YES_AGGRESSIVE;
				GCC_WARN_UNUSED_FUNCTION = YES;
				GCC_WARN_UNUSED_VARIABLE = YES;
				IPHONEOS_DEPLOYMENT_TARGET = 13.1;
				MTL_ENABLE_DEBUG_INFO = NO;
				MTL_FAST_MATH = YES;
				SDKROOT = iphoneos;
				VALIDATE_PRODUCT = YES;
			};
			name = Release;
		};
		18F77B6D239E233F0088179C /* Debug */ = {
			isa = XCBuildConfiguration;
			buildSettings = {
				ASSETCATALOG_COMPILER_APPICON_NAME = AppIcon;
				CODE_SIGN_STYLE = Automatic;
				INFOPLIST_FILE = TableViewTest/Info.plist;
				LD_RUNPATH_SEARCH_PATHS = (
					"$(inherited)",
					"@executable_path/Frameworks",
				);
				PRODUCT_BUNDLE_IDENTIFIER = Nothing.TableViewTest;
				PRODUCT_NAME = "$(TARGET_NAME)";
				TARGETED_DEVICE_FAMILY = "1,2";
			};
			name = Debug;
		};
		18F77B6E239E233F0088179C /* Release */ = {
			isa = XCBuildConfiguration;
			buildSettings = {
				ASSETCATALOG_COMPILER_APPICON_NAME = AppIcon;
				CODE_SIGN_STYLE = Automatic;
				INFOPLIST_FILE = TableViewTest/Info.plist;
				LD_RUNPATH_SEARCH_PATHS = (
					"$(inherited)",
					"@executable_path/Frameworks",
				);
				PRODUCT_BUNDLE_IDENTIFIER = Nothing.TableViewTest;
				PRODUCT_NAME = "$(TARGET_NAME)";
				TARGETED_DEVICE_FAMILY = "1,2";
			};
			name = Release;
		};
		18F77B70239E233F0088179C /* Debug */ = {
			isa = XCBuildConfiguration;
			buildSettings = {
				BUNDLE_LOADER = "$(TEST_HOST)";
				CODE_SIGN_STYLE = Automatic;
				INFOPLIST_FILE = TableViewTestTests/Info.plist;
				IPHONEOS_DEPLOYMENT_TARGET = 13.1;
				LD_RUNPATH_SEARCH_PATHS = (
					"$(inherited)",
					"@executable_path/Frameworks",
					"@loader_path/Frameworks",
				);
				PRODUCT_BUNDLE_IDENTIFIER = Nothing.TableViewTestTests;
				PRODUCT_NAME = "$(TARGET_NAME)";
				TARGETED_DEVICE_FAMILY = "1,2";
				TEST_HOST = "$(BUILT_PRODUCTS_DIR)/TableViewTest.app/TableViewTest";
			};
			name = Debug;
		};
		18F77B71239E233F0088179C /* Release */ = {
			isa = XCBuildConfiguration;
			buildSettings = {
				BUNDLE_LOADER = "$(TEST_HOST)";
				CODE_SIGN_STYLE = Automatic;
				INFOPLIST_FILE = TableViewTestTests/Info.plist;
				IPHONEOS_DEPLOYMENT_TARGET = 13.1;
				LD_RUNPATH_SEARCH_PATHS = (
					"$(inherited)",
					"@executable_path/Frameworks",
					"@loader_path/Frameworks",
				);
				PRODUCT_BUNDLE_IDENTIFIER = Nothing.TableViewTestTests;
				PRODUCT_NAME = "$(TARGET_NAME)";
				TARGETED_DEVICE_FAMILY = "1,2";
				TEST_HOST = "$(BUILT_PRODUCTS_DIR)/TableViewTest.app/TableViewTest";
			};
			name = Release;
		};
		18F77B73239E233F0088179C /* Debug */ = {
			isa = XCBuildConfiguration;
			buildSettings = {
				CODE_SIGN_STYLE = Automatic;
				INFOPLIST_FILE = TableViewTestUITests/Info.plist;
				LD_RUNPATH_SEARCH_PATHS = (
					"$(inherited)",
					"@executable_path/Frameworks",
					"@loader_path/Frameworks",
				);
				PRODUCT_BUNDLE_IDENTIFIER = Nothing.TableViewTestUITests;
				PRODUCT_NAME = "$(TARGET_NAME)";
				TARGETED_DEVICE_FAMILY = "1,2";
				TEST_TARGET_NAME = TableViewTest;
			};
			name = Debug;
		};
		18F77B74239E233F0088179C /* Release */ = {
			isa = XCBuildConfiguration;
			buildSettings = {
				CODE_SIGN_STYLE = Automatic;
				INFOPLIST_FILE = TableViewTestUITests/Info.plist;
				LD_RUNPATH_SEARCH_PATHS = (
					"$(inherited)",
					"@executable_path/Frameworks",
					"@loader_path/Frameworks",
				);
				PRODUCT_BUNDLE_IDENTIFIER = Nothing.TableViewTestUITests;
				PRODUCT_NAME = "$(TARGET_NAME)";
				TARGETED_DEVICE_FAMILY = "1,2";
				TEST_TARGET_NAME = TableViewTest;
			};
			name = Release;
		};
/* End XCBuildConfiguration section */

/* Begin XCConfigurationList section */
		18F77B38239E233D0088179C /* Build configuration list for PBXProject "TableViewTest" */ = {
			isa = XCConfigurationList;
			buildConfigurations = (
				18F77B6A239E233F0088179C /* Debug */,
				18F77B6B239E233F0088179C /* Release */,
			);
			defaultConfigurationIsVisible = 0;
			defaultConfigurationName = Release;
		};
		18F77B6C239E233F0088179C /* Build configuration list for PBXNativeTarget "TableViewTest" */ = {
			isa = XCConfigurationList;
			buildConfigurations = (
				18F77B6D239E233F0088179C /* Debug */,
				18F77B6E239E233F0088179C /* Release */,
			);
			defaultConfigurationIsVisible = 0;
			defaultConfigurationName = Release;
		};
		18F77B6F239E233F0088179C /* Build configuration list for PBXNativeTarget "TableViewTestTests" */ = {
			isa = XCConfigurationList;
			buildConfigurations = (
				18F77B70239E233F0088179C /* Debug */,
				18F77B71239E233F0088179C /* Release */,
			);
			defaultConfigurationIsVisible = 0;
			defaultConfigurationName = Release;
		};
		18F77B72239E233F0088179C /* Build configuration list for PBXNativeTarget "TableViewTestUITests" */ = {
			isa = XCConfigurationList;
			buildConfigurations = (
				18F77B73239E233F0088179C /* Debug */,
				18F77B74239E233F0088179C /* Release */,
			);
			defaultConfigurationIsVisible = 0;
			defaultConfigurationName = Release;
		};
/* End XCConfigurationList section */
	};
	rootObject = 18F77B35239E233D0088179C /* Project object */;
}
